
Microsoft Visual Studio Solution File, Format Version 12.00
# Visual Studio Version 16
VisualStudioVersion = 16.0.32802.440
MinimumVisualStudioVersion = 10.0.40219.1
Project("{FAE04EC0-301F-11D3-BF4B-00C04F79EFBC}") = "GOLNEW", "GOLNEW\GOLNEW.csproj", "{B9F6573E-6D61-4278-BF57-BCC1CA89A86E}"
EndProject
Global
	GlobalSection(SolutionConfigurationPlatforms) = preSolution
		Debug|Any CPU = Debug|Any CPU
		Release|Any CPU = Release|Any CPU
	EndGlobalSection
	GlobalSection(ProjectConfigurationPlatforms) = postSolution
		{B9F6573E-6D61-4278-BF57-BCC1CA89A86E}.Debug|Any CPU.ActiveCfg = Debug|Any CPU
		{B9F6573E-6D61-4278-BF57-BCC1CA89A86E}.Debug|Any CPU.Build.0 = Debug|Any CPU
		{B9F6573E-6D61-4278-BF57-BCC1CA89A86E}.Release|Any CPU.ActiveCfg = Release|Any CPU
		{B9F6573E-6D61-4278-BF57-BCC1CA89A86E}.Release|Any CPU.Build.0 = Release|Any CPU
	EndGlobalSection
	GlobalSection(SolutionProperties) = preSolution
		HideSolutionNode = FALSE
	EndGlobalSection
	GlobalSection(ExtensibilityGlobals) = postSolution
		SolutionGuid = {E9DDCB21-58CC-4196-A383-019ECF3C63C4}
	EndGlobalSection
EndGlobal
